
Microsoft Visual Studio Solution File, Format Version 12.00
# Visual Studio Version 17
VisualStudioVersion = 17.11.35219.272
MinimumVisualStudioVersion = 10.0.40219.1
Project("{FAE04EC0-301F-11D3-BF4B-00C04F79EFBC}") = "les5", "les5\les5.csproj", "{10EFE02A-FC97-4FE9-91CF-58DEC92F6F9B}"
EndProject
Global
	GlobalSection(SolutionConfigurationPlatforms) = preSolution
		Debug|Any CPU = Debug|Any CPU
		Release|Any CPU = Release|Any CPU
	EndGlobalSection
	GlobalSection(ProjectConfigurationPlatforms) = postSolution
		{10EFE02A-FC97-4FE9-91CF-58DEC92F6F9B}.Debug|Any CPU.ActiveCfg = Debug|Any CPU
		{10EFE02A-FC97-4FE9-91CF-58DEC92F6F9B}.Debug|Any CPU.Build.0 = Debug|Any CPU
		{10EFE02A-FC97-4FE9-91CF-58DEC92F6F9B}.Release|Any CPU.ActiveCfg = Release|Any CPU
		{10EFE02A-FC97-4FE9-91CF-58DEC92F6F9B}.Release|Any CPU.Build.0 = Release|Any CPU
	EndGlobalSection
	GlobalSection(SolutionProperties) = preSolution
		HideSolutionNode = FALSE
	EndGlobalSection
	GlobalSection(ExtensibilityGlobals) = postSolution
		SolutionGuid = {4E623F06-80DE-4EE2-8B40-63B64B50CBC1}
	EndGlobalSection
EndGlobal
